
Microsoft Visual Studio Solution File, Format Version 12.00
# Visual Studio Version 16
VisualStudioVersion = 16.0.32602.291
MinimumVisualStudioVersion = 10.0.40219.1
Project("{FAE04EC0-301F-11D3-BF4B-00C04F79EFBC}") = "StudentAdminPortal.API", "StudentAdminPortal.API\StudentAdminPortal.API.csproj", "{5B47CFAD-ED8D-423C-922B-B1E3E2936008}"
EndProject
Global
	GlobalSection(SolutionConfigurationPlatforms) = preSolution
		Debug|Any CPU = Debug|Any CPU
		Release|Any CPU = Release|Any CPU
	EndGlobalSection
	GlobalSection(ProjectConfigurationPlatforms) = postSolution
		{5B47CFAD-ED8D-423C-922B-B1E3E2936008}.Debug|Any CPU.ActiveCfg = Debug|Any CPU
		{5B47CFAD-ED8D-423C-922B-B1E3E2936008}.Debug|Any CPU.Build.0 = Debug|Any CPU
		{5B47CFAD-ED8D-423C-922B-B1E3E2936008}.Release|Any CPU.ActiveCfg = Release|Any CPU
		{5B47CFAD-ED8D-423C-922B-B1E3E2936008}.Release|Any CPU.Build.0 = Release|Any CPU
	EndGlobalSection
	GlobalSection(SolutionProperties) = preSolution
		HideSolutionNode = FALSE
	EndGlobalSection
	GlobalSection(ExtensibilityGlobals) = postSolution
		SolutionGuid = {87C938A9-B544-4CBB-B8B9-016B587D9E56}
	EndGlobalSection
EndGlobal
